
Microsoft Visual Studio Solution File, Format Version 12.00
# Visual Studio Version 16
VisualStudioVersion = 16.0.29905.134
MinimumVisualStudioVersion = 10.0.40219.1
Project("{8BC9CEB8-8B4A-11D0-8D11-00A0C91BC942}") = "SoftGPU plugin", "SoftGPU plugin.vcxproj", "{EBE7FED9-DDFB-4194-86D0-AF6BFE4FEBCC}"
EndProject
Global
	GlobalSection(SolutionConfigurationPlatforms) = preSolution
		Debug|ARM = Debug|ARM
		Debug|x64 = Debug|x64
		Debug|x86 = Debug|x86
		Release|ARM = Release|ARM
		Release|x64 = Release|x64
		Release|x86 = Release|x86
	EndGlobalSection
	GlobalSection(ProjectConfigurationPlatforms) = postSolution
		{EBE7FED9-DDFB-4194-86D0-AF6BFE4FEBCC}.Debug|ARM.ActiveCfg = Debug|ARM
		{EBE7FED9-DDFB-4194-86D0-AF6BFE4FEBCC}.Debug|ARM.Build.0 = Debug|ARM
		{EBE7FED9-DDFB-4194-86D0-AF6BFE4FEBCC}.Debug|x64.ActiveCfg = Debug|x64
		{EBE7FED9-DDFB-4194-86D0-AF6BFE4FEBCC}.Debug|x64.Build.0 = Debug|x64
		{EBE7FED9-DDFB-4194-86D0-AF6BFE4FEBCC}.Debug|x86.ActiveCfg = Debug|Win32
		{EBE7FED9-DDFB-4194-86D0-AF6BFE4FEBCC}.Debug|x86.Build.0 = Debug|Win32
		{EBE7FED9-DDFB-4194-86D0-AF6BFE4FEBCC}.Release|ARM.ActiveCfg = Release|ARM
		{EBE7FED9-DDFB-4194-86D0-AF6BFE4FEBCC}.Release|ARM.Build.0 = Release|ARM
		{EBE7FED9-DDFB-4194-86D0-AF6BFE4FEBCC}.Release|x64.ActiveCfg = Release|x64
		{EBE7FED9-DDFB-4194-86D0-AF6BFE4FEBCC}.Release|x64.Build.0 = Release|x64
		{EBE7FED9-DDFB-4194-86D0-AF6BFE4FEBCC}.Release|x86.ActiveCfg = Release|Win32
		{EBE7FED9-DDFB-4194-86D0-AF6BFE4FEBCC}.Release|x86.Build.0 = Release|Win32
	EndGlobalSection
	GlobalSection(SolutionProperties) = preSolution
		HideSolutionNode = FALSE
	EndGlobalSection
	GlobalSection(ExtensibilityGlobals) = postSolution
		SolutionGuid = {6D68812F-216A-48C7-98D4-FDCFF576D882}
	EndGlobalSection
EndGlobal
