
Microsoft Visual Studio Solution File, Format Version 12.00
# Visual Studio Version 16
VisualStudioVersion = 16.0.29613.14
MinimumVisualStudioVersion = 10.0.40219.1
Project("{8BC9CEB8-8B4A-11D0-8D11-00A0C91BC942}") = "SamplePlugin", "SamplePlugin.vcxproj", "{1AC887E0-40E1-4E98-80EB-01557E663BFF}"
EndProject
Project("{8BC9CEB8-8B4A-11D0-8D11-00A0C91BC942}") = "SamplePluginLoader", "..\SamplePluginLoader\SamplePluginLoader.vcxproj", "{07215047-497C-441A-A6E9-A733E9546C02}"
EndProject
Global
	GlobalSection(SolutionConfigurationPlatforms) = preSolution
		Debug|ARM = Debug|ARM
		Debug|x64 = Debug|x64
		Debug|x86 = Debug|x86
		Release|ARM = Release|ARM
		Release|x64 = Release|x64
		Release|x86 = Release|x86
	EndGlobalSection
	GlobalSection(ProjectConfigurationPlatforms) = postSolution
		{1AC887E0-40E1-4E98-80EB-01557E663BFF}.Debug|ARM.ActiveCfg = Debug|x64
		{1AC887E0-40E1-4E98-80EB-01557E663BFF}.Debug|ARM.Build.0 = Debug|x64
		{1AC887E0-40E1-4E98-80EB-01557E663BFF}.Debug|x64.ActiveCfg = Debug|x64
		{1AC887E0-40E1-4E98-80EB-01557E663BFF}.Debug|x64.Build.0 = Debug|x64
		{1AC887E0-40E1-4E98-80EB-01557E663BFF}.Debug|x86.ActiveCfg = Debug|x64
		{1AC887E0-40E1-4E98-80EB-01557E663BFF}.Debug|x86.Build.0 = Debug|x64
		{1AC887E0-40E1-4E98-80EB-01557E663BFF}.Release|ARM.ActiveCfg = Release|ARM
		{1AC887E0-40E1-4E98-80EB-01557E663BFF}.Release|ARM.Build.0 = Release|ARM
		{1AC887E0-40E1-4E98-80EB-01557E663BFF}.Release|x64.ActiveCfg = Release|x64
		{1AC887E0-40E1-4E98-80EB-01557E663BFF}.Release|x64.Build.0 = Release|x64
		{1AC887E0-40E1-4E98-80EB-01557E663BFF}.Release|x86.ActiveCfg = Release|Win32
		{1AC887E0-40E1-4E98-80EB-01557E663BFF}.Release|x86.Build.0 = Release|Win32
		{07215047-497C-441A-A6E9-A733E9546C02}.Debug|ARM.ActiveCfg = Debug|x64
		{07215047-497C-441A-A6E9-A733E9546C02}.Debug|ARM.Build.0 = Debug|x64
		{07215047-497C-441A-A6E9-A733E9546C02}.Debug|x64.ActiveCfg = Debug|x64
		{07215047-497C-441A-A6E9-A733E9546C02}.Debug|x64.Build.0 = Debug|x64
		{07215047-497C-441A-A6E9-A733E9546C02}.Debug|x86.ActiveCfg = Debug|x64
		{07215047-497C-441A-A6E9-A733E9546C02}.Debug|x86.Build.0 = Debug|x64
		{07215047-497C-441A-A6E9-A733E9546C02}.Release|ARM.ActiveCfg = Release|Win32
		{07215047-497C-441A-A6E9-A733E9546C02}.Release|x64.ActiveCfg = Release|x64
		{07215047-497C-441A-A6E9-A733E9546C02}.Release|x64.Build.0 = Release|x64
		{07215047-497C-441A-A6E9-A733E9546C02}.Release|x86.ActiveCfg = Release|Win32
		{07215047-497C-441A-A6E9-A733E9546C02}.Release|x86.Build.0 = Release|Win32
	EndGlobalSection
	GlobalSection(SolutionProperties) = preSolution
		HideSolutionNode = FALSE
	EndGlobalSection
	GlobalSection(ExtensibilityGlobals) = postSolution
		SolutionGuid = {6AEAD6E5-121F-4DE3-8456-D0BCBF9FAF81}
	EndGlobalSection
EndGlobal
