<?xml version="1.0" encoding="utf-8"?>
<Project ToolsVersion="15.0" xmlns="http://schemas.microsoft.com/developer/msbuild/2003">
  <ItemGroup>
    <Filter Include="Resources">
      <UniqueIdentifier>accd3aa8-1ba0-4223-9bbe-0c431709210b</UniqueIdentifier>
      <Extensions>rc;ico;cur;bmp;dlg;rc2;rct;bin;rgs;gif;jpg;jpeg;jpe;resx;tga;tiff;tif;png;wav;mfcribbon-ms</Extensions>
    </Filter>
    <Filter Include="Generated Files">
      <UniqueIdentifier>{926ab91d-31b4-48c3-b9a4-e681349f27f0}</UniqueIdentifier>
    </Filter>
  </ItemGroup>
  <ItemGroup>
    <ClCompile Include="pch.cpp" />
    <ClCompile Include="$(GeneratedFilesDir)module.g.cpp" />
    <ClCompile Include="CaptureCard.Controller.cpp" />
    <ClCompile Include="ConfigurationTools.ConfigurationToolbox.cpp" />
    <ClCompile Include="SampleDisplayInput.cpp" />
    <ClCompile Include="SampleDisplayCapture.cpp" />
    <ClCompile Include="ResolutionTool.cpp" />
    <ClCompile Include="WireFormatTool.cpp" />
    <ClCompile Include="IteIt6803.cpp" />
    <ClCompile Include="I2cDriver.cpp" />
  </ItemGroup>
  <ItemGroup>
    <ClInclude Include="pch.h" />
    <ClInclude Include="CaptureCard.Controller.h" />
    <ClInclude Include="ConfigurationTools.ConfigurationToolbox.h" />
    <ClInclude Include="SampleDisplayInput.h" />
    <ClInclude Include="SampleDisplayCapture.h" />
    <ClInclude Include="ResolutionTool.h" />
    <ClInclude Include="WireFormatTool.h" />
    <ClInclude Include="IteIt6803.h" />
    <ClInclude Include="IteIt6803Registers.h" />
    <ClInclude Include="I2cDriver.h" />
  </ItemGroup>
  <ItemGroup>
    <None Include="TestPlugin.def" />
    <None Include="packages.config" />
  </ItemGroup>
  <ItemGroup>
    <None Include="PropertySheet.props" />
  </ItemGroup>
  <ItemGroup>
    <Text Include="readme.txt" />
  </ItemGroup>
  <ItemGroup>
    <Midl Include="..\IDL\CaptureCardPlugin.idl" />
    <Midl Include="..\IDL\ConfigurationTools.idl" />
    <Midl Include="..\IDL\DisplayStateReference.idl" />
  </ItemGroup>
</Project>