<?xml version="1.0" encoding="utf-8"?>
<Project ToolsVersion="4.0" xmlns="http://schemas.microsoft.com/developer/msbuild/2003">
  <ItemGroup>
    <ClCompile Include="Controller.cpp" />
    <ClCompile Include="SampleDisplayCapture.cpp" />
    <ClCompile Include="SampleDisplayInput.cpp" />
    <ClCompile Include="pch.cpp" />
    <ClCompile Include="$(GeneratedFilesDir)module.g.cpp" />
    <ClCompile Include="I2cDriver.cpp" />
    <ClCompile Include="IteIt6803.cpp" />
    <ClCompile Include="TanagerDevice.cpp" />
    <ClCompile Include="IteIt68051.cpp" />
    <ClCompile Include="Fx3FpgaInterface.cpp" />
  </ItemGroup>
  <ItemGroup>
    <ClInclude Include="Controller.h" />
    <ClInclude Include="SampleDisplayCapture.h" />
    <ClInclude Include="SampleDisplayInput.h" />
    <ClInclude Include="pch.h" />
    <ClInclude Include="I2cDriver.h" />
    <ClInclude Include="IteIt6803.h" />
    <ClInclude Include="IteIt6803Registers.h" />
    <ClInclude Include="TanagerDevice.h" />
    <ClInclude Include="IteIt68051.h" />
    <ClInclude Include="Fx3FpgaInterface.h" />
  </ItemGroup>
  <ItemGroup>
    <Midl Include="TestPlugin.idl" />
  </ItemGroup>
  <ItemGroup>
    <None Include="packages.config" />
    <None Include="TestPlugin.def" />
    <None Include="PropertySheet.props" />
  </ItemGroup>
  <ItemGroup>
    <Text Include="readme.txt" />
  </ItemGroup>
</Project>