
Microsoft Visual Studio Solution File, Format Version 12.00
# Visual Studio Version 16
VisualStudioVersion = 16.0.31019.35
MinimumVisualStudioVersion = 10.0.40219.1
Project("{8BC9CEB8-8B4A-11D0-8D11-00A0C91BC942}") = "Test", "hwhlk\hwhlk.vcxproj", "{ED5EA013-6DF0-43BB-A46E-2BFAC6E6F645}"
EndProject
Project("{8BC9CEB8-8B4A-11D0-8D11-00A0C91BC942}") = "PublicToolbox", "PublicToolbox\PublicToolbox.vcxproj", "{A1C652DF-CD16-4D77-94A7-1C3291EBB17E}"
EndProject
Project("{8BC9CEB8-8B4A-11D0-8D11-00A0C91BC942}") = "TestPlugin", "TestPlugin\TestPlugin.vcxproj", "{C2EA574E-B9CE-47EF-909B-40425A7E31BC}"
EndProject
Project("{8BC9CEB8-8B4A-11D0-8D11-00A0C91BC942}") = "Core", "Core\Core.vcxproj", "{B45B9BD3-4E2C-440A-B32E-412939E64C22}"
	ProjectSection(ProjectDependencies) = postProject
		{C2EA574E-B9CE-47EF-909B-40425A7E31BC} = {C2EA574E-B9CE-47EF-909B-40425A7E31BC}
		{A1C652DF-CD16-4D77-94A7-1C3291EBB17E} = {A1C652DF-CD16-4D77-94A7-1C3291EBB17E}
	EndProjectSection
EndProject
Global
	GlobalSection(SolutionConfigurationPlatforms) = preSolution
		Debug|ARM = Debug|ARM
		Debug|ARM64 = Debug|ARM64
		Debug|x64 = Debug|x64
		Debug|x86 = Debug|x86
		Release|ARM = Release|ARM
		Release|ARM64 = Release|ARM64
		Release|x64 = Release|x64
		Release|x86 = Release|x86
	EndGlobalSection
	GlobalSection(ProjectConfigurationPlatforms) = postSolution
		{ED5EA013-6DF0-43BB-A46E-2BFAC6E6F645}.Debug|ARM.ActiveCfg = Debug|Win32
		{ED5EA013-6DF0-43BB-A46E-2BFAC6E6F645}.Debug|ARM64.ActiveCfg = Debug|Win32
		{ED5EA013-6DF0-43BB-A46E-2BFAC6E6F645}.Debug|x64.ActiveCfg = Debug|x64
		{ED5EA013-6DF0-43BB-A46E-2BFAC6E6F645}.Debug|x64.Build.0 = Debug|x64
		{ED5EA013-6DF0-43BB-A46E-2BFAC6E6F645}.Debug|x86.ActiveCfg = Debug|Win32
		{ED5EA013-6DF0-43BB-A46E-2BFAC6E6F645}.Debug|x86.Build.0 = Debug|Win32
		{ED5EA013-6DF0-43BB-A46E-2BFAC6E6F645}.Release|ARM.ActiveCfg = Release|Win32
		{ED5EA013-6DF0-43BB-A46E-2BFAC6E6F645}.Release|ARM64.ActiveCfg = Release|Win32
		{ED5EA013-6DF0-43BB-A46E-2BFAC6E6F645}.Release|x64.ActiveCfg = Release|x64
		{ED5EA013-6DF0-43BB-A46E-2BFAC6E6F645}.Release|x64.Build.0 = Release|x64
		{ED5EA013-6DF0-43BB-A46E-2BFAC6E6F645}.Release|x86.ActiveCfg = Release|Win32
		{ED5EA013-6DF0-43BB-A46E-2BFAC6E6F645}.Release|x86.Build.0 = Release|Win32
		{A1C652DF-CD16-4D77-94A7-1C3291EBB17E}.Debug|ARM.ActiveCfg = Debug|ARM
		{A1C652DF-CD16-4D77-94A7-1C3291EBB17E}.Debug|ARM.Build.0 = Debug|ARM
		{A1C652DF-CD16-4D77-94A7-1C3291EBB17E}.Debug|ARM64.ActiveCfg = Debug|ARM64
		{A1C652DF-CD16-4D77-94A7-1C3291EBB17E}.Debug|ARM64.Build.0 = Debug|ARM64
		{A1C652DF-CD16-4D77-94A7-1C3291EBB17E}.Debug|x64.ActiveCfg = Debug|x64
		{A1C652DF-CD16-4D77-94A7-1C3291EBB17E}.Debug|x64.Build.0 = Debug|x64
		{A1C652DF-CD16-4D77-94A7-1C3291EBB17E}.Debug|x86.ActiveCfg = Debug|Win32
		{A1C652DF-CD16-4D77-94A7-1C3291EBB17E}.Debug|x86.Build.0 = Debug|Win32
		{A1C652DF-CD16-4D77-94A7-1C3291EBB17E}.Release|ARM.ActiveCfg = Release|ARM
		{A1C652DF-CD16-4D77-94A7-1C3291EBB17E}.Release|ARM.Build.0 = Release|ARM
		{A1C652DF-CD16-4D77-94A7-1C3291EBB17E}.Release|ARM64.ActiveCfg = Release|ARM64
		{A1C652DF-CD16-4D77-94A7-1C3291EBB17E}.Release|ARM64.Build.0 = Release|ARM64
		{A1C652DF-CD16-4D77-94A7-1C3291EBB17E}.Release|x64.ActiveCfg = Release|x64
		{A1C652DF-CD16-4D77-94A7-1C3291EBB17E}.Release|x64.Build.0 = Release|x64
		{A1C652DF-CD16-4D77-94A7-1C3291EBB17E}.Release|x86.ActiveCfg = Release|Win32
		{A1C652DF-CD16-4D77-94A7-1C3291EBB17E}.Release|x86.Build.0 = Release|Win32
		{C2EA574E-B9CE-47EF-909B-40425A7E31BC}.Debug|ARM.ActiveCfg = Debug|ARM
		{C2EA574E-B9CE-47EF-909B-40425A7E31BC}.Debug|ARM.Build.0 = Debug|ARM
		{C2EA574E-B9CE-47EF-909B-40425A7E31BC}.Debug|ARM64.ActiveCfg = Debug|ARM64
		{C2EA574E-B9CE-47EF-909B-40425A7E31BC}.Debug|ARM64.Build.0 = Debug|ARM64
		{C2EA574E-B9CE-47EF-909B-40425A7E31BC}.Debug|x64.ActiveCfg = Debug|x64
		{C2EA574E-B9CE-47EF-909B-40425A7E31BC}.Debug|x64.Build.0 = Debug|x64
		{C2EA574E-B9CE-47EF-909B-40425A7E31BC}.Debug|x86.ActiveCfg = Debug|Win32
		{C2EA574E-B9CE-47EF-909B-40425A7E31BC}.Debug|x86.Build.0 = Debug|Win32
		{C2EA574E-B9CE-47EF-909B-40425A7E31BC}.Release|ARM.ActiveCfg = Release|ARM
		{C2EA574E-B9CE-47EF-909B-40425A7E31BC}.Release|ARM.Build.0 = Release|ARM
		{C2EA574E-B9CE-47EF-909B-40425A7E31BC}.Release|ARM64.ActiveCfg = Release|ARM64
		{C2EA574E-B9CE-47EF-909B-40425A7E31BC}.Release|ARM64.Build.0 = Release|ARM64
		{C2EA574E-B9CE-47EF-909B-40425A7E31BC}.Release|x64.ActiveCfg = Release|x64
		{C2EA574E-B9CE-47EF-909B-40425A7E31BC}.Release|x64.Build.0 = Release|x64
		{C2EA574E-B9CE-47EF-909B-40425A7E31BC}.Release|x86.ActiveCfg = Release|Win32
		{C2EA574E-B9CE-47EF-909B-40425A7E31BC}.Release|x86.Build.0 = Release|Win32
		{B45B9BD3-4E2C-440A-B32E-412939E64C22}.Debug|ARM.ActiveCfg = Debug|ARM
		{B45B9BD3-4E2C-440A-B32E-412939E64C22}.Debug|ARM.Build.0 = Debug|ARM
		{B45B9BD3-4E2C-440A-B32E-412939E64C22}.Debug|ARM64.ActiveCfg = Debug|ARM64
		{B45B9BD3-4E2C-440A-B32E-412939E64C22}.Debug|ARM64.Build.0 = Debug|ARM64
		{B45B9BD3-4E2C-440A-B32E-412939E64C22}.Debug|x64.ActiveCfg = Debug|x64
		{B45B9BD3-4E2C-440A-B32E-412939E64C22}.Debug|x64.Build.0 = Debug|x64
		{B45B9BD3-4E2C-440A-B32E-412939E64C22}.Debug|x86.ActiveCfg = Debug|Win32
		{B45B9BD3-4E2C-440A-B32E-412939E64C22}.Debug|x86.Build.0 = Debug|Win32
		{B45B9BD3-4E2C-440A-B32E-412939E64C22}.Release|ARM.ActiveCfg = Release|ARM
		{B45B9BD3-4E2C-440A-B32E-412939E64C22}.Release|ARM.Build.0 = Release|ARM
		{B45B9BD3-4E2C-440A-B32E-412939E64C22}.Release|ARM64.ActiveCfg = Release|ARM64
		{B45B9BD3-4E2C-440A-B32E-412939E64C22}.Release|ARM64.Build.0 = Release|ARM64
		{B45B9BD3-4E2C-440A-B32E-412939E64C22}.Release|x64.ActiveCfg = Release|x64
		{B45B9BD3-4E2C-440A-B32E-412939E64C22}.Release|x64.Build.0 = Release|x64
		{B45B9BD3-4E2C-440A-B32E-412939E64C22}.Release|x86.ActiveCfg = Release|Win32
		{B45B9BD3-4E2C-440A-B32E-412939E64C22}.Release|x86.Build.0 = Release|Win32
	EndGlobalSection
	GlobalSection(SolutionProperties) = preSolution
		HideSolutionNode = FALSE
	EndGlobalSection
	GlobalSection(ExtensibilityGlobals) = postSolution
		SolutionGuid = {B712435C-3273-4738-A73C-21FE6611D5FD}
	EndGlobalSection
EndGlobal
